
Microsoft Visual Studio Solution File, Format Version 12.00
# Visual Studio Version 17
VisualStudioVersion = 17.13.35931.197 d17.13
MinimumVisualStudioVersion = 10.0.40219.1
Project("{FAE04EC0-301F-11D3-BF4B-00C04F79EFBC}") = "ContentUnderstanding.MCP.Server.Stdio", "ContentUnderstanding.MCP.Server.Stdio\ContentUnderstanding.MCP.Server.Stdio.csproj", "{70981E07-3189-47D7-AFBC-15BB40741C63}"
EndProject
Project("{FAE04EC0-301F-11D3-BF4B-00C04F79EFBC}") = "ContentUnderstanding.MCP.Tools", "ContentUnderstanding.MCP.Tools\ContentUnderstanding.MCP.Tools.csproj", "{9F75D543-65AD-49A4-B51F-569F17DEFE32}"
EndProject
Global
	GlobalSection(SolutionConfigurationPlatforms) = preSolution
		Debug|Any CPU = Debug|Any CPU
		Release|Any CPU = Release|Any CPU
	EndGlobalSection
	GlobalSection(ProjectConfigurationPlatforms) = postSolution
		{70981E07-3189-47D7-AFBC-15BB40741C63}.Debug|Any CPU.ActiveCfg = Debug|Any CPU
		{70981E07-3189-47D7-AFBC-15BB40741C63}.Debug|Any CPU.Build.0 = Debug|Any CPU
		{70981E07-3189-47D7-AFBC-15BB40741C63}.Release|Any CPU.ActiveCfg = Release|Any CPU
		{70981E07-3189-47D7-AFBC-15BB40741C63}.Release|Any CPU.Build.0 = Release|Any CPU
		{9F75D543-65AD-49A4-B51F-569F17DEFE32}.Debug|Any CPU.ActiveCfg = Debug|Any CPU
		{9F75D543-65AD-49A4-B51F-569F17DEFE32}.Debug|Any CPU.Build.0 = Debug|Any CPU
		{9F75D543-65AD-49A4-B51F-569F17DEFE32}.Release|Any CPU.ActiveCfg = Release|Any CPU
		{9F75D543-65AD-49A4-B51F-569F17DEFE32}.Release|Any CPU.Build.0 = Release|Any CPU
	EndGlobalSection
	GlobalSection(SolutionProperties) = preSolution
		HideSolutionNode = FALSE
	EndGlobalSection
	GlobalSection(ExtensibilityGlobals) = postSolution
		SolutionGuid = {BCA92007-93E2-44C6-B7F1-AEB768F50A7E}
	EndGlobalSection
EndGlobal
